
Microsoft Visual Studio Solution File, Format Version 12.00
# Visual Studio 15
VisualStudioVersion = 15.0.28010.2016
MinimumVisualStudioVersion = 10.0.40219.1
Project("{FAE04EC0-301F-11D3-BF4B-00C04F79EFBC}") = "WebApplication1", "WebApplication1\WebApplication1.csproj", "{4B1F7ADB-E21A-45EA-9B07-86D3BBF2D20B}"
EndProject
Project("{FAE04EC0-301F-11D3-BF4B-00C04F79EFBC}") = "WebApplication2", "WebApplication2\WebApplication2.csproj", "{26CCC705-FABC-4EE6-8079-6FC08557F91E}"
EndProject
Project("{FAE04EC0-301F-11D3-BF4B-00C04F79EFBC}") = "WebApplication3", "WebApplication3\WebApplication3.csproj", "{492BE39C-4998-42DF-88BA-30A9DBEEA0E3}"
EndProject
Project("{FAE04EC0-301F-11D3-BF4B-00C04F79EFBC}") = "WebApplication4", "WebApplication4\WebApplication4.csproj", "{3026808C-9531-4AD2-9EBB-A2C5DBE56912}"
EndProject
Global
	GlobalSection(SolutionConfigurationPlatforms) = preSolution
		Debug|Any CPU = Debug|Any CPU
		Release|Any CPU = Release|Any CPU
	EndGlobalSection
	GlobalSection(ProjectConfigurationPlatforms) = postSolution
		{4B1F7ADB-E21A-45EA-9B07-86D3BBF2D20B}.Debug|Any CPU.ActiveCfg = Debug|Any CPU
		{4B1F7ADB-E21A-45EA-9B07-86D3BBF2D20B}.Debug|Any CPU.Build.0 = Debug|Any CPU
		{4B1F7ADB-E21A-45EA-9B07-86D3BBF2D20B}.Release|Any CPU.ActiveCfg = Release|Any CPU
		{4B1F7ADB-E21A-45EA-9B07-86D3BBF2D20B}.Release|Any CPU.Build.0 = Release|Any CPU
		{26CCC705-FABC-4EE6-8079-6FC08557F91E}.Debug|Any CPU.ActiveCfg = Debug|Any CPU
		{26CCC705-FABC-4EE6-8079-6FC08557F91E}.Debug|Any CPU.Build.0 = Debug|Any CPU
		{26CCC705-FABC-4EE6-8079-6FC08557F91E}.Release|Any CPU.ActiveCfg = Release|Any CPU
		{26CCC705-FABC-4EE6-8079-6FC08557F91E}.Release|Any CPU.Build.0 = Release|Any CPU
		{492BE39C-4998-42DF-88BA-30A9DBEEA0E3}.Debug|Any CPU.ActiveCfg = Debug|Any CPU
		{492BE39C-4998-42DF-88BA-30A9DBEEA0E3}.Debug|Any CPU.Build.0 = Debug|Any CPU
		{492BE39C-4998-42DF-88BA-30A9DBEEA0E3}.Release|Any CPU.ActiveCfg = Release|Any CPU
		{492BE39C-4998-42DF-88BA-30A9DBEEA0E3}.Release|Any CPU.Build.0 = Release|Any CPU
		{3026808C-9531-4AD2-9EBB-A2C5DBE56912}.Debug|Any CPU.ActiveCfg = Debug|Any CPU
		{3026808C-9531-4AD2-9EBB-A2C5DBE56912}.Debug|Any CPU.Build.0 = Debug|Any CPU
		{3026808C-9531-4AD2-9EBB-A2C5DBE56912}.Release|Any CPU.ActiveCfg = Release|Any CPU
		{3026808C-9531-4AD2-9EBB-A2C5DBE56912}.Release|Any CPU.Build.0 = Release|Any CPU
	EndGlobalSection
	GlobalSection(SolutionProperties) = preSolution
		HideSolutionNode = FALSE
	EndGlobalSection
	GlobalSection(ExtensibilityGlobals) = postSolution
		SolutionGuid = {ADEC6F30-B6B2-49CF-9A35-1E1B028B9B30}
	EndGlobalSection
EndGlobal
